
Microsoft Visual Studio Solution File, Format Version 12.00
# Visual Studio Version 16
VisualStudioVersion = 16.0.30804.86
MinimumVisualStudioVersion = 10.0.40219.1
Project("{9A19103F-16F7-4668-BE54-9A1E7A4F7556}") = "WobigTools", "WobigTools\WobigTools.csproj", "{2850E036-FA9D-4555-93A0-CE812B7380BD}"
EndProject
Project("{9A19103F-16F7-4668-BE54-9A1E7A4F7556}") = "DataAccessLib", "DataAccessLib\DataAccessLib.csproj", "{6BD8B18F-D498-4C55-9B35-7E66D9FE1720}"
EndProject
Project("{9A19103F-16F7-4668-BE54-9A1E7A4F7556}") = "CoreLogicLib", "CoreLogicLib\CoreLogicLib.csproj", "{05D634DE-EEA5-4830-B015-94EB96CEB022}"
EndProject
Project("{9A19103F-16F7-4668-BE54-9A1E7A4F7556}") = "SharedLib", "SharedLib\SharedLib.csproj", "{1FE11ACD-60E8-467E-BF26-443AA7D1D6CC}"
EndProject
Global
	GlobalSection(SolutionConfigurationPlatforms) = preSolution
		Debug|Any CPU = Debug|Any CPU
		Release|Any CPU = Release|Any CPU
	EndGlobalSection
	GlobalSection(ProjectConfigurationPlatforms) = postSolution
		{2850E036-FA9D-4555-93A0-CE812B7380BD}.Debug|Any CPU.ActiveCfg = Debug|Any CPU
		{2850E036-FA9D-4555-93A0-CE812B7380BD}.Debug|Any CPU.Build.0 = Debug|Any CPU
		{2850E036-FA9D-4555-93A0-CE812B7380BD}.Release|Any CPU.ActiveCfg = Release|Any CPU
		{2850E036-FA9D-4555-93A0-CE812B7380BD}.Release|Any CPU.Build.0 = Release|Any CPU
		{6BD8B18F-D498-4C55-9B35-7E66D9FE1720}.Debug|Any CPU.ActiveCfg = Debug|Any CPU
		{6BD8B18F-D498-4C55-9B35-7E66D9FE1720}.Debug|Any CPU.Build.0 = Debug|Any CPU
		{6BD8B18F-D498-4C55-9B35-7E66D9FE1720}.Release|Any CPU.ActiveCfg = Release|Any CPU
		{6BD8B18F-D498-4C55-9B35-7E66D9FE1720}.Release|Any CPU.Build.0 = Release|Any CPU
		{05D634DE-EEA5-4830-B015-94EB96CEB022}.Debug|Any CPU.ActiveCfg = Debug|Any CPU
		{05D634DE-EEA5-4830-B015-94EB96CEB022}.Debug|Any CPU.Build.0 = Debug|Any CPU
		{05D634DE-EEA5-4830-B015-94EB96CEB022}.Release|Any CPU.ActiveCfg = Release|Any CPU
		{05D634DE-EEA5-4830-B015-94EB96CEB022}.Release|Any CPU.Build.0 = Release|Any CPU
		{1FE11ACD-60E8-467E-BF26-443AA7D1D6CC}.Debug|Any CPU.ActiveCfg = Debug|Any CPU
		{1FE11ACD-60E8-467E-BF26-443AA7D1D6CC}.Debug|Any CPU.Build.0 = Debug|Any CPU
		{1FE11ACD-60E8-467E-BF26-443AA7D1D6CC}.Release|Any CPU.ActiveCfg = Release|Any CPU
		{1FE11ACD-60E8-467E-BF26-443AA7D1D6CC}.Release|Any CPU.Build.0 = Release|Any CPU
	EndGlobalSection
	GlobalSection(SolutionProperties) = preSolution
		HideSolutionNode = FALSE
	EndGlobalSection
	GlobalSection(ExtensibilityGlobals) = postSolution
		SolutionGuid = {707171CC-933F-4D1B-943B-41F6B4088B10}
	EndGlobalSection
EndGlobal
